# This file is automatically @generated by Cargo.
# It is not intended for manual editing.
version = 3

[[package]]
name = "fs2-backend"
version = "0.1.0"

[[package]]
name = "fs2-cli"
version = "0.1.0"

[[package]]
name = "fs2-core"
version = "0.1.0"

[[package]]
name = "fs2-crypto"
version = "0.1.0"

[[package]]
name = "fs2-daemon"
version = "0.1.0"

[[package]]
name = "fs2-env"
version = "0.1.0"

[[package]]
name = "fs2-fuse"
version = "0.1.0"

[[package]]
name = "fs2-git"
version = "0.1.0"

[[package]]
name = "fs2-rules"
version = "0.1.0"

[[package]]
name = "fs2-sync"
version = "0.1.0"

[[package]]
name = "fs2-testkit"
version = "0.1.0"
